hash: 612fdaeffecb9eed52955c77fb147d240bf2aae7e749d67b91f9795d85d8d584
updated: 2019-08-19T14:24:30.040696+02:00
imports:
- name: cloud.google.com/go
  version: 3b1ae45394a234c385be014e9a488f2bb6eef821
  subpackages:
  - compute/metadata
  - internal
- name: github.com/Azure/go-ansiterm
  version: d6e3b3328b783f23731bc4d058875b0371ff8109
  subpackages:
  - winterm
- name: github.com/Azure/go-autorest
  version: ea233b6412b0421a65dc6160e16c893364664a95
  subpackages:
  - autorest
  - autorest/adal
  - autorest/azure
  - autorest/date
  - logger
  - version
- name: github.com/cheggaaa/pb
  version: 40231cf7fa00b7c9098939b6a9e6f54f4b3ce020
  subpackages:
  - v3
  - v3/termutil
- name: github.com/davecgh/go-spew
  version: 782f4967f2dc4564575ca782fe2d04090b5faca8
  subpackages:
  - spew
- name: github.com/dgrijalva/jwt-go
  version: 01aeca54ebda6e0fbfafd0a524d234159c05ec20
- name: github.com/docker/docker
  version: a9fbbdc8dd8794b20af358382ab780559bca589d
  subpackages:
  - api
  - api/types
  - api/types/blkiodev
  - api/types/container
  - api/types/events
  - api/types/filters
  - api/types/image
  - api/types/mount
  - api/types/network
  - api/types/registry
  - api/types/strslice
  - api/types/swarm
  - api/types/swarm/runtime
  - api/types/time
  - api/types/versions
  - api/types/volume
  - client
  - daemon/logger/jsonfilelog/jsonlog
  - pkg/jsonmessage
  - pkg/mount
  - pkg/parsers
  - pkg/parsers/operatingsystem
  - pkg/stdcopy
  - pkg/sysinfo
  - pkg/term
  - pkg/term/windows
- name: github.com/docker/spdystream
  version: 449fdfce4d962303d702fec724ef0ad181c92528
  subpackages:
  - spdy
- name: github.com/emicklei/go-restful
  version: ff4f55a206334ef123e4f79bbf348980da81ca46
  subpackages:
  - log
- name: github.com/evanphx/json-patch
  version: 5858425f75500d40c52783dce87d085a483ce135
- name: github.com/exponent-io/jsonpath
  version: d6023ce2651d8eafb5c75bb0c7167536102ec9f5
- name: github.com/fatih/color
  version: 3f9d52f7176a6927daacff70a3e8d1dc2025c53e
- name: github.com/ghodss/yaml
  version: c7ce16629ff4cd059ed96ed06419dd3856fd3577
- name: github.com/go-openapi/jsonpointer
  version: ef5f0afec364d3b9396b7b77b43dbe26bf1f8004
- name: github.com/go-openapi/jsonreference
  version: 8483a886a90412cd6858df4ea3483dce9c8e35a3
- name: github.com/go-openapi/spec
  version: 5bae59e25b21498baea7f9d46e9c147ec106a42e
- name: github.com/go-openapi/swag
  version: 5899d5c5e619fda5fa86e14795a835f473ca284c
- name: github.com/gogo/protobuf
  version: 342cbe0a04158f6dcb03ca0079991a51a4248c02
  subpackages:
  - proto
  - sortkeys
- name: github.com/golang/protobuf
  version: b4deda0973fb4c70b50d226b1af49f3da59f5265
  subpackages:
  - proto
  - ptypes
  - ptypes/any
  - ptypes/duration
  - ptypes/timestamp
- name: github.com/google/btree
  version: 7d79101e329e5a3adf994758c578dab82b90c017
- name: github.com/google/gofuzz
  version: 24818f796faf91cd76ec7bddd72458fbced7a6c1
- name: github.com/googleapis/gnostic
  version: 0c5108395e2debce0d731cf0287ddf7242066aba
  subpackages:
  - OpenAPIv2
  - compiler
  - extensions
- name: github.com/gophercloud/gophercloud
  version: c818fa66e4c88b30db28038fe3f18f2f4a0db9a8
  subpackages:
  - openstack
  - openstack/identity/v2/tenants
  - openstack/identity/v2/tokens
  - openstack/identity/v3/tokens
  - openstack/utils
  - pagination
- name: github.com/gregjones/httpcache
  version: 787624de3eb7bd915c329cba748687a3b22666a6
  subpackages:
  - diskcache
- name: github.com/imdario/mergo
  version: 9316a62528ac99aaecb4e47eadd6dc8aa6533d58
- name: github.com/inconshreveable/mousetrap
  version: 76626ae9c91c4f2a10f34cad8ce83ea42c93bb75
- name: github.com/json-iterator/go
  version: ab8a2e0c74be9d3be70b3184d9acc634935ded82
- name: github.com/konsorten/go-windows-terminal-sequences
  version: f55edac94c9bbba5d6182a4be46d86a2c9b5b50e
- name: github.com/mailru/easyjson
  version: 2f5df55504ebc322e4d52d34df6a1f5b503bf26d
  subpackages:
  - buffer
  - jlexer
  - jwriter
- name: github.com/MakeNowJust/heredoc
  version: bb23615498cded5e105af4ce27de75b089cbe851
- name: github.com/mattn/go-colorable
  version: 388941e3ea99c461d2bc2747eaf27741b6dda096
- name: github.com/mattn/go-isatty
  version: bf9a1dea1961e1d831824fb135332bfb8c10e8b8
- name: github.com/mattn/go-runewidth
  version: 703b5e6b11ae25aeb2af9ebb5d5fdf8fa2575211
- name: github.com/mitchellh/go-wordwrap
  version: ad45545899c7b13c020ea92b2072220eefad42b8
- name: github.com/modern-go/concurrent
  version: bacd9c7ef1dd9b15be4a9909b8ac7a4e313eec94
- name: github.com/modern-go/reflect2
  version: 94122c33edd36123c84d5368cfb2b69df93a0ec8
- name: github.com/peterbourgon/diskv
  version: 5f041e8faa004a95c88a202771f4cc3e991971e6
- name: github.com/pkg/errors
  version: 27936f6d90f9c8e1145f11ed52ffffbfdb9e0af7
- name: github.com/PuerkitoBio/purell
  version: 8a290539e2e8629dbc4e6bad948158f790ec31f4
- name: github.com/PuerkitoBio/urlesc
  version: 5bd2802263f21d8788851d5305584c82a5c75d7e
- name: github.com/russross/blackfriday
  version: 300106c228d52c8941d4b3de6054a6062a86dda3
- name: github.com/shurcooL/sanitized_anchor_name
  version: 10ef21a441db47d8b13ebcc5fd2310f636973c77
- name: github.com/sirupsen/logrus
  version: 2a22dbedbad1fd454910cd1f44f210ef90c28464
- name: github.com/spf13/cobra
  version: 67fc4837d267bc9bfd6e47f77783fcc3dffc68de
- name: github.com/spf13/pflag
  version: 24fa6976df40757dce6aea913e7b81ade90530e1
- name: github.com/VividCortex/ewma
  version: 0173b1dbcfaa7fec09eff3e32281ed08fa8f2a1c
- name: golang.org/x/crypto
  version: de0752318171da717af4ce24d0a2e8626afaeb11
  subpackages:
  - ssh/terminal
- name: golang.org/x/net
  version: 65e2d4e15006aab9813ff8769e768bbf4bb667a0
  subpackages:
  - context
  - context/ctxhttp
  - http/httpguts
  - http2
  - http2/hpack
  - idna
- name: golang.org/x/oauth2
  version: a6bd8cefa1811bd24b86f8902872e4e8225f74c4
  subpackages:
  - google
  - internal
  - jws
  - jwt
- name: golang.org/x/sys
  version: 95c6576299259db960f6c5b9b69ea52422860fce
  subpackages:
  - unix
  - windows
- name: golang.org/x/text
  version: b19bf474d317b857955b12035d2c5acb57ce8b01
  subpackages:
  - cases
  - encoding
  - encoding/internal
  - encoding/internal/identifier
  - encoding/unicode
  - internal
  - internal/tag
  - internal/utf8internal
  - language
  - runes
  - secure/bidirule
  - secure/precis
  - transform
  - unicode/bidi
  - unicode/norm
  - width
- name: golang.org/x/time
  version: f51c12702a4d776e4c1fa9b0fabab841babae631
  subpackages:
  - rate
- name: google.golang.org/appengine
  version: 54a98f90d1c46b7731eb8fb305d2a321c30ef610
  subpackages:
  - internal
  - internal/app_identity
  - internal/base
  - internal/datastore
  - internal/log
  - internal/modules
  - internal/remote_api
  - internal/urlfetch
  - urlfetch
- name: gopkg.in/inf.v0
  version: 3887ee99ecf07df5b447e9b00d9c0b2adaa9f3e4
- name: gopkg.in/yaml.v2
  version: 5420a8b6744d3b0345ab293f6fcba19c978f1183
- name: k8s.io/api
  version: 40a48860b5abbba9aa891b02b32da429b08d96a0
  subpackages:
  - admission/v1beta1
  - admissionregistration/v1beta1
  - apps/v1
  - apps/v1beta1
  - apps/v1beta2
  - auditregistration/v1alpha1
  - authentication/v1
  - authentication/v1beta1
  - authorization/v1
  - authorization/v1beta1
  - autoscaling/v1
  - autoscaling/v2beta1
  - autoscaling/v2beta2
  - batch/v1
  - batch/v1beta1
  - batch/v2alpha1
  - certificates/v1beta1
  - coordination/v1
  - coordination/v1beta1
  - core/v1
  - events/v1beta1
  - extensions/v1beta1
  - imagepolicy/v1alpha1
  - networking/v1
  - networking/v1beta1
  - node/v1alpha1
  - node/v1beta1
  - policy/v1beta1
  - rbac/v1
  - rbac/v1alpha1
  - rbac/v1beta1
  - scheduling/v1
  - scheduling/v1alpha1
  - scheduling/v1beta1
  - settings/v1alpha1
  - storage/v1
  - storage/v1alpha1
  - storage/v1beta1
- name: k8s.io/apimachinery
  version: d7deff9243b165ee192f5551710ea4285dcfd615
  subpackages:
  - pkg/api/apitesting
  - pkg/api/apitesting/fuzzer
  - pkg/api/apitesting/roundtrip
  - pkg/api/equality
  - pkg/api/errors
  - pkg/api/meta
  - pkg/api/resource
  - pkg/api/validation
  - pkg/apis/meta/fuzzer
  - pkg/apis/meta/internalversion
  - pkg/apis/meta/v1
  - pkg/apis/meta/v1/unstructured
  - pkg/apis/meta/v1/unstructured/unstructuredscheme
  - pkg/apis/meta/v1/validation
  - pkg/apis/meta/v1beta1
  - pkg/conversion
  - pkg/conversion/queryparams
  - pkg/fields
  - pkg/labels
  - pkg/runtime
  - pkg/runtime/schema
  - pkg/runtime/serializer
  - pkg/runtime/serializer/json
  - pkg/runtime/serializer/protobuf
  - pkg/runtime/serializer/recognizer
  - pkg/runtime/serializer/streaming
  - pkg/runtime/serializer/versioning
  - pkg/selection
  - pkg/types
  - pkg/util/cache
  - pkg/util/clock
  - pkg/util/diff
  - pkg/util/errors
  - pkg/util/framer
  - pkg/util/httpstream
  - pkg/util/httpstream/spdy
  - pkg/util/intstr
  - pkg/util/json
  - pkg/util/mergepatch
  - pkg/util/naming
  - pkg/util/net
  - pkg/util/remotecommand
  - pkg/util/runtime
  - pkg/util/sets
  - pkg/util/strategicpatch
  - pkg/util/validation
  - pkg/util/validation/field
  - pkg/util/wait
  - pkg/util/yaml
  - pkg/version
  - pkg/watch
  - third_party/forked/golang/json
  - third_party/forked/golang/netutil
  - third_party/forked/golang/reflect
- name: k8s.io/cli-runtime
  version: 2899ed30580fdbc8286718edb4382b529463099d
  subpackages:
  - pkg/genericclioptions
  - pkg/kustomize
  - pkg/kustomize/k8sdeps
  - pkg/kustomize/k8sdeps/configmapandsecret
  - pkg/kustomize/k8sdeps/kunstruct
  - pkg/kustomize/k8sdeps/kv
  - pkg/kustomize/k8sdeps/transformer
  - pkg/kustomize/k8sdeps/transformer/hash
  - pkg/kustomize/k8sdeps/transformer/patch
  - pkg/kustomize/k8sdeps/validator
  - pkg/printers
  - pkg/resource
- name: k8s.io/client-go
  version: 6ee68ca5fd8355d024d02f9db0b3b667e8357a0f
  subpackages:
  - discovery
  - discovery/cached/disk
  - dynamic
  - kubernetes
  - kubernetes/scheme
  - kubernetes/typed/admissionregistration/v1beta1
  - kubernetes/typed/apps/v1
  - kubernetes/typed/apps/v1beta1
  - kubernetes/typed/apps/v1beta2
  - kubernetes/typed/auditregistration/v1alpha1
  - kubernetes/typed/authentication/v1
  - kubernetes/typed/authentication/v1beta1
  - kubernetes/typed/authorization/v1
  - kubernetes/typed/authorization/v1beta1
  - kubernetes/typed/autoscaling/v1
  - kubernetes/typed/autoscaling/v2beta1
  - kubernetes/typed/autoscaling/v2beta2
  - kubernetes/typed/batch/v1
  - kubernetes/typed/batch/v1beta1
  - kubernetes/typed/batch/v2alpha1
  - kubernetes/typed/certificates/v1beta1
  - kubernetes/typed/coordination/v1
  - kubernetes/typed/coordination/v1beta1
  - kubernetes/typed/core/v1
  - kubernetes/typed/events/v1beta1
  - kubernetes/typed/extensions/v1beta1
  - kubernetes/typed/networking/v1
  - kubernetes/typed/networking/v1beta1
  - kubernetes/typed/node/v1alpha1
  - kubernetes/typed/node/v1beta1
  - kubernetes/typed/policy/v1beta1
  - kubernetes/typed/rbac/v1
  - kubernetes/typed/rbac/v1alpha1
  - kubernetes/typed/rbac/v1beta1
  - kubernetes/typed/scheduling/v1
  - kubernetes/typed/scheduling/v1alpha1
  - kubernetes/typed/scheduling/v1beta1
  - kubernetes/typed/settings/v1alpha1
  - kubernetes/typed/storage/v1
  - kubernetes/typed/storage/v1alpha1
  - kubernetes/typed/storage/v1beta1
  - pkg/apis/clientauthentication
  - pkg/apis/clientauthentication/v1alpha1
  - pkg/apis/clientauthentication/v1beta1
  - pkg/version
  - plugin/pkg/client/auth
  - plugin/pkg/client/auth/azure
  - plugin/pkg/client/auth/exec
  - plugin/pkg/client/auth/gcp
  - plugin/pkg/client/auth/oidc
  - plugin/pkg/client/auth/openstack
  - rest
  - rest/watch
  - restmapper
  - scale
  - scale/scheme
  - scale/scheme/appsint
  - scale/scheme/appsv1beta1
  - scale/scheme/appsv1beta2
  - scale/scheme/autoscalingv1
  - scale/scheme/extensionsint
  - scale/scheme/extensionsv1beta1
  - third_party/forked/golang/template
  - tools/auth
  - tools/clientcmd
  - tools/clientcmd/api
  - tools/clientcmd/api/latest
  - tools/clientcmd/api/v1
  - tools/metrics
  - tools/reference
  - tools/remotecommand
  - transport
  - transport/spdy
  - util/cert
  - util/connrotation
  - util/exec
  - util/flowcontrol
  - util/homedir
  - util/jsonpath
  - util/keyutil
- name: k8s.io/klog
  version: 8e90cee79f823779174776412c13478955131846
- name: k8s.io/kube-openapi
  version: b3a7cee44a305be0a69e1b9ac03018307287e1b0
  subpackages:
  - pkg/common
  - pkg/util/proto
  - pkg/util/proto/validation
- name: k8s.io/kubernetes
  version: 641856db18352033a0d96dbc99153fa3b27298e5
  subpackages:
  - pkg/kubectl/cmd/util
  - pkg/kubectl/cmd/util/openapi
  - pkg/kubectl/cmd/util/openapi/validation
  - pkg/kubectl/scheme
  - pkg/kubectl/util/templates
  - pkg/kubectl/util/term
  - pkg/kubectl/validation
  - pkg/util/interrupt
  - pkg/version
- name: k8s.io/utils
  version: c2654d5206da6b7b6ace12841e8f359bb89b443c
  subpackages:
  - buffer
  - exec
  - integer
  - trace
- name: sigs.k8s.io/kustomize
  version: a6f65144121d1955266b0cd836ce954c04122dc8
  subpackages:
  - pkg/commands/build
  - pkg/constants
  - pkg/expansion
  - pkg/factory
  - pkg/fs
  - pkg/git
  - pkg/gvk
  - pkg/ifc
  - pkg/ifc/transformer
  - pkg/image
  - pkg/internal/error
  - pkg/loader
  - pkg/patch
  - pkg/patch/transformer
  - pkg/resid
  - pkg/resmap
  - pkg/resource
  - pkg/target
  - pkg/transformers
  - pkg/transformers/config
  - pkg/transformers/config/defaultconfig
  - pkg/types
- name: sigs.k8s.io/yaml
  version: fd68e9863619f6ec2fdd8625fe1f02e7c877e480
testImports: []
